
Microsoft Visual Studio Solution File, Format Version 12.00
# Visual Studio Version 17
VisualStudioVersion = 17.5.33516.290
MinimumVisualStudioVersion = 10.0.40219.1
Project("{FAE04EC0-301F-11D3-BF4B-00C04F79EFBC}") = "Projeto2Ano", "Projeto2Ano.csproj", "{98F2152D-1B91-4563-ABF4-D4742826775C}"
EndProject
Global
	GlobalSection(SolutionConfigurationPlatforms) = preSolution
		Debug|Any CPU = Debug|Any CPU
		Release|Any CPU = Release|Any CPU
	EndGlobalSection
	GlobalSection(ProjectConfigurationPlatforms) = postSolution
		{98F2152D-1B91-4563-ABF4-D4742826775C}.Debug|Any CPU.ActiveCfg = Debug|Any CPU
		{98F2152D-1B91-4563-ABF4-D4742826775C}.Debug|Any CPU.Build.0 = Debug|Any CPU
		{98F2152D-1B91-4563-ABF4-D4742826775C}.Release|Any CPU.ActiveCfg = Release|Any CPU
		{98F2152D-1B91-4563-ABF4-D4742826775C}.Release|Any CPU.Build.0 = Release|Any CPU
	EndGlobalSection
	GlobalSection(SolutionProperties) = preSolution
		HideSolutionNode = FALSE
	EndGlobalSection
	GlobalSection(ExtensibilityGlobals) = postSolution
		SolutionGuid = {26F2EEE8-6638-4DD1-8334-CA86CE68C0D6}
	EndGlobalSection
EndGlobal
